
Microsoft Visual Studio Solution File, Format Version 12.00
# Visual Studio 15
VisualStudioVersion = 15.0.27428.2015
MinimumVisualStudioVersion = 10.0.40219.1
Project("{FAE04EC0-301F-11D3-BF4B-00C04F79EFBC}") = "jemml", "jemml\jemml.csproj", "{1E0C49C1-5407-4E87-8E27-AE71A525074A}"
EndProject
Global
	GlobalSection(SolutionConfigurationPlatforms) = preSolution
		Debug|Any CPU = Debug|Any CPU
		Release|Any CPU = Release|Any CPU
	EndGlobalSection
	GlobalSection(ProjectConfigurationPlatforms) = postSolution
		{1E0C49C1-5407-4E87-8E27-AE71A525074A}.Debug|Any CPU.ActiveCfg = Debug|Any CPU
		{1E0C49C1-5407-4E87-8E27-AE71A525074A}.Debug|Any CPU.Build.0 = Debug|Any CPU
		{1E0C49C1-5407-4E87-8E27-AE71A525074A}.Release|Any CPU.ActiveCfg = Release|Any CPU
		{1E0C49C1-5407-4E87-8E27-AE71A525074A}.Release|Any CPU.Build.0 = Release|Any CPU
	EndGlobalSection
	GlobalSection(SolutionProperties) = preSolution
		HideSolutionNode = FALSE
	EndGlobalSection
	GlobalSection(ExtensibilityGlobals) = postSolution
		SolutionGuid = {5C230C43-E046-44D3-9929-1674E15190E2}
	EndGlobalSection
EndGlobal
